
Microsoft Visual Studio Solution File, Format Version 12.00
# Visual Studio Version 17
VisualStudioVersion = 17.5.002.0
MinimumVisualStudioVersion = 10.0.40219.1
Project("{9A19103F-16F7-4668-BE54-9A1E7A4F7556}") = "Jellyfin.Plugin.TheSportsDB", "Jellyfin.Plugin.TheSportsDB.csproj", "{5E7D2CE7-8C26-4E5C-8A94-5901E333059D}"
EndProject
Global
	GlobalSection(SolutionConfigurationPlatforms) = preSolution
		Debug|Any CPU = Debug|Any CPU
		Release|Any CPU = Release|Any CPU
	EndGlobalSection
	GlobalSection(ProjectConfigurationPlatforms) = postSolution
		{5E7D2CE7-8C26-4E5C-8A94-5901E333059D}.Debug|Any CPU.ActiveCfg = Debug|Any CPU
		{5E7D2CE7-8C26-4E5C-8A94-5901E333059D}.Debug|Any CPU.Build.0 = Debug|Any CPU
		{5E7D2CE7-8C26-4E5C-8A94-5901E333059D}.Release|Any CPU.ActiveCfg = Release|Any CPU
		{5E7D2CE7-8C26-4E5C-8A94-5901E333059D}.Release|Any CPU.Build.0 = Release|Any CPU
	EndGlobalSection
	GlobalSection(SolutionProperties) = preSolution
		HideSolutionNode = FALSE
	EndGlobalSection
	GlobalSection(ExtensibilityGlobals) = postSolution
		SolutionGuid = {B19473B1-C847-4508-ADF3-E1C7FF0E22AC}
	EndGlobalSection
EndGlobal
